
Microsoft Visual Studio Solution File, Format Version 12.00
# Visual Studio Version 17
VisualStudioVersion = 17.11.35312.102
MinimumVisualStudioVersion = 10.0.40219.1
Project("{9092AA53-FB77-4645-B42D-1CCCA6BD08BD}") = "TM_Backend", "TM_Backend.njsproj", "{F83B94C6-ACEE-4F0E-A02A-5F67F891C546}"
EndProject
Global
	GlobalSection(SolutionConfigurationPlatforms) = preSolution
		Debug|Any CPU = Debug|Any CPU
		Release|Any CPU = Release|Any CPU
	EndGlobalSection
	GlobalSection(ProjectConfigurationPlatforms) = postSolution
		{F83B94C6-ACEE-4F0E-A02A-5F67F891C546}.Debug|Any CPU.ActiveCfg = Debug|Any CPU
		{F83B94C6-ACEE-4F0E-A02A-5F67F891C546}.Debug|Any CPU.Build.0 = Debug|Any CPU
		{F83B94C6-ACEE-4F0E-A02A-5F67F891C546}.Release|Any CPU.ActiveCfg = Release|Any CPU
		{F83B94C6-ACEE-4F0E-A02A-5F67F891C546}.Release|Any CPU.Build.0 = Release|Any CPU
	EndGlobalSection
	GlobalSection(SolutionProperties) = preSolution
		HideSolutionNode = FALSE
	EndGlobalSection
	GlobalSection(ExtensibilityGlobals) = postSolution
		SolutionGuid = {08BAB446-BEA1-4048-8265-643B28DD3B38}
	EndGlobalSection
EndGlobal
